<?xml version="1.0" encoding="UTF-8" standalone="yes" ?>
<CodeBlocks_project_file>
	<FileVersion major="1" minor="6" />
	<Project>
		<Option title="GameEngine" />
		<Option pch_mode="2" />
		<Option compiler="gcc" />
		<Build>
			<Target title="Debug">
				<Option output="bin/Debug/Lesson_1" prefix_auto="1" extension_auto="1" />
				<Option object_output="obj/Debug/" />
				<Option type="1" />
				<Option compiler="gcc" />
				<Compiler>
					<Add option="-std=c++11" />
					<Add option="-g" />
					<Add directory="include" />
					<Add directory="../Common/include" />
				</Compiler>
				<Linker>
					<Add library="../Common/lib/libSOIL.a" />
					<Add library="../Common/lib/glut32.lib" />
				</Linker>
			</Target>
			<Target title="Release">
				<Option output="bin/Release/Lesson_1" prefix_auto="1" extension_auto="1" />
				<Option object_output="obj/Release/" />
				<Option type="0" />
				<Option compiler="gcc" />
				<Compiler>
					<Add option="-O2" />
					<Add directory="include" />
				</Compiler>
				<Linker>
					<Add option="-s" />
				</Linker>
			</Target>
		</Build>
		<Compiler>
			<Add option="-Wall" />
			<Add directory="../Common/include" />
		</Compiler>
		<Linker>
			<Add library="../Common/lib/libSOIL.a" />
			<Add library="opengl32" />
			<Add library="glu32" />
			<Add library="gdi32" />
			<Add library="../Common/lib/irrKlang.lib" />
			<Add library="../Common/lib/libirrKlang.a" />
		</Linker>
		<Unit filename="include/AI.h" />
		<Unit filename="include/Agent.h" />
		<Unit filename="include/Camera2D.h" />
		<Unit filename="include/Collision.h" />
		<Unit filename="include/Comodo.h" />
		<Unit filename="include/Enemy.h" />
		<Unit filename="include/GameLoop.h" />
		<Unit filename="include/GameObject.h" />
		<Unit filename="include/Graphics.h" />
		<Unit filename="include/Hitbox.h" />
		<Unit filename="include/Inputs.h" />
		<Unit filename="include/Level1.h" />
		<Unit filename="include/Level2.h" />
		<Unit filename="include/Level3.h" />
		<Unit filename="include/Particles.h" />
		<Unit filename="include/Physics.h" />
		<Unit filename="include/Player.h" />
		<Unit filename="include/Scene.h" />
		<Unit filename="include/SceneManager.h" />
		<Unit filename="include/Texture.h" />
		<Unit filename="include/Timer.h" />
		<Unit filename="include/Title.h" />
		<Unit filename="include/Vector.h" />
		<Unit filename="include/platform.h" />
		<Unit filename="include/platformCollision.h" />
		<Unit filename="include/sounds.h" />
		<Unit filename="main.cpp" />
		<Unit filename="src/AI.cpp" />
		<Unit filename="src/Agent.cpp" />
		<Unit filename="src/Camera2D.cpp" />
		<Unit filename="src/Collision.cpp" />
		<Unit filename="src/Comodo.cpp" />
		<Unit filename="src/Enemy.cpp" />
		<Unit filename="src/GameLoop.cpp" />
		<Unit filename="src/GameObject.cpp" />
		<Unit filename="src/Graphics.cpp" />
		<Unit filename="src/Hitbox.cpp" />
		<Unit filename="src/Inputs.cpp" />
		<Unit filename="src/Level1.cpp" />
		<Unit filename="src/Level2.cpp" />
		<Unit filename="src/Level3.cpp" />
		<Unit filename="src/Particles.cpp" />
		<Unit filename="src/Player.cpp" />
		<Unit filename="src/Scene.cpp" />
		<Unit filename="src/SceneManager.cpp" />
		<Unit filename="src/Texture.cpp" />
		<Unit filename="src/Timer.cpp" />
		<Unit filename="src/Title.cpp" />
		<Unit filename="src/platform.cpp" />
		<Unit filename="src/platformCollision.cpp" />
		<Unit filename="src/sounds.cpp" />
		<Extensions>
			<code_completion />
			<envvars />
			<debugger />
			<lib_finder disable_auto="1" />
		</Extensions>
	</Project>
</CodeBlocks_project_file>
